// !$*UTF8*$!
{
	archiveVersion = 1;
	classes = {
	};
	objectVersion = 56;
	objects = {

/* Begin PBXBuildFile section */
		45FA9141E5A1B8D353DA3F99 /* Pods_MediatorDemo.framework in Frameworks */ = {isa = PBXBuildFile; fileRef = E4D8E0BBFB84108858185138 /* Pods_MediatorDemo.framework */; };
		4EC5E6ED2978E2D000774ACD /* AppDelegate.swift in Sources */ = {isa = PBXBuildFile; fileRef = 4EC5E6EC2978E2D000774ACD /* AppDelegate.swift */; };
		4EC5E6EF2978E2D000774ACD /* SceneDelegate.swift in Sources */ = {isa = PBXBuildFile; fileRef = 4EC5E6EE2978E2D000774ACD /* SceneDelegate.swift */; };
		4EC5E6F12978E2D000774ACD /* ViewController.swift in Sources */ = {isa = PBXBuildFile; fileRef = 4EC5E6F02978E2D000774ACD /* ViewController.swift */; };
		4EC5E6F42978E2D000774ACD /* Main.storyboard in Resources */ = {isa = PBXBuildFile; fileRef = 4EC5E6F22978E2D000774ACD /* Main.storyboard */; };
		4EC5E6F62978E2D100774ACD /* Assets.xcassets in Resources */ = {isa = PBXBuildFile; fileRef = 4EC5E6F52978E2D100774ACD /* Assets.xcassets */; };
		4EC5E6F92978E2D100774ACD /* LaunchScreen.storyboard in Resources */ = {isa = PBXBuildFile; fileRef = 4EC5E6F72978E2D100774ACD /* LaunchScreen.storyboard */; };
/* End PBXBuildFile section */

/* Begin PBXFileReference section */
		4EC5E6E92978E2D000774ACD /* MediatorDemo.app */ = {isa = PBXFileReference; explicitFileType = wrapper.application; includeInIndex = 0; path = MediatorDemo.app; sourceTree = BUILT_PRODUCTS_DIR; };
		4EC5E6EC2978E2D000774ACD /* AppDelegate.swift */ = {isa = PBXFileReference; lastKnownFileType = sourcecode.swift; path = AppDelegate.swift; sourceTree = "<group>"; };
		4EC5E6EE2978E2D000774ACD /* SceneDelegate.swift */ = {isa = PBXFileReference; lastKnownFileType = sourcecode.swift; path = SceneDelegate.swift; sourceTree = "<group>"; };
		4EC5E6F02978E2D000774ACD /* ViewController.swift */ = {isa = PBXFileReference; lastKnownFileType = sourcecode.swift; path = ViewController.swift; sourceTree = "<group>"; };
		4EC5E6F32978E2D000774ACD /* Base */ = {isa = PBXFileReference; lastKnownFileType = file.storyboard; name = Base; path = Base.lproj/Main.storyboard; sourceTree = "<group>"; };
		4EC5E6F52978E2D100774ACD /* Assets.xcassets */ = {isa = PBXFileReference; lastKnownFileType = folder.assetcatalog; path = Assets.xcassets; sourceTree = "<group>"; };
		4EC5E6F82978E2D100774ACD /* Base */ = {isa = PBXFileReference; lastKnownFileType = file.storyboard; name = Base; path = Base.lproj/LaunchScreen.storyboard; sourceTree = "<group>"; };
		4EC5E6FA2978E2D100774ACD /* Info.plist */ = {isa = PBXFileReference; lastKnownFileType = text.plist.xml; path = Info.plist; sourceTree = "<group>"; };
		CF64137D9F2D74E293AA5ED1 /* Pods-MediatorDemo.release.xcconfig */ = {isa = PBXFileReference; includeInIndex = 1; lastKnownFileType = text.xcconfig; name = "Pods-MediatorDemo.release.xcconfig"; path = "Target Support Files/Pods-MediatorDemo/Pods-MediatorDemo.release.xcconfig"; sourceTree = "<group>"; };
		E4D8E0BBFB84108858185138 /* Pods_MediatorDemo.framework */ = {isa = PBXFileReference; explicitFileType = wrapper.framework; includeInIndex = 0; path = Pods_MediatorDemo.framework; sourceTree = BUILT_PRODUCTS_DIR; };
		F34680CF606D0F242427988C /* Pods-MediatorDemo.debug.xcconfig */ = {isa = PBXFileReference; includeInIndex = 1; lastKnownFileType = text.xcconfig; name = "Pods-MediatorDemo.debug.xcconfig"; path = "Target Support Files/Pods-MediatorDemo/Pods-MediatorDemo.debug.xcconfig"; sourceTree = "<group>"; };
/* End PBXFileReference section */

/* Begin PBXFrameworksBuildPhase section */
		4EC5E6E62978E2D000774ACD /* Frameworks */ = {
			isa = PBXFrameworksBuildPhase;
			buildActionMask = 2147483647;
			files = (
				45FA9141E5A1B8D353DA3F99 /* Pods_MediatorDemo.framework in Frameworks */,
			);
			runOnlyForDeploymentPostprocessing = 0;
		};
/* End PBXFrameworksBuildPhase section */

/* Begin PBXGroup section */
		315806B93C9B33FBC8DDA3A1 /* Frameworks */ = {
			isa = PBXGroup;
			children = (
				E4D8E0BBFB84108858185138 /* Pods_MediatorDemo.framework */,
			);
			name = Frameworks;
			sourceTree = "<group>";
		};
		4EC5E6E02978E2D000774ACD = {
			isa = PBXGroup;
			children = (
				4EC5E6EB2978E2D000774ACD /* MediatorDemo */,
				4EC5E6EA2978E2D000774ACD /* Products */,
				5CA599BE9CBF40FA2F24CA64 /* Pods */,
				315806B93C9B33FBC8DDA3A1 /* Frameworks */,
			);
			sourceTree = "<group>";
		};
		4EC5E6EA2978E2D000774ACD /* Products */ = {
			isa = PBXGroup;
			children = (
				4EC5E6E92978E2D000774ACD /* MediatorDemo.app */,
			);
			name = Products;
			sourceTree = "<group>";
		};
		4EC5E6EB2978E2D000774ACD /* MediatorDemo */ = {
			isa = PBXGroup;
			children = (
				4EC5E6EC2978E2D000774ACD /* AppDelegate.swift */,
				4EC5E6EE2978E2D000774ACD /* SceneDelegate.swift */,
				4EC5E6F02978E2D000774ACD /* ViewController.swift */,
				4EC5E6F22978E2D000774ACD /* Main.storyboard */,
				4EC5E6F52978E2D100774ACD /* Assets.xcassets */,
				4EC5E6F72978E2D100774ACD /* LaunchScreen.storyboard */,
				4EC5E6FA2978E2D100774ACD /* Info.plist */,
			);
			path = MediatorDemo;
			sourceTree = "<group>";
		};
		5CA599BE9CBF40FA2F24CA64 /* Pods */ = {
			isa = PBXGroup;
			children = (
				F34680CF606D0F242427988C /* Pods-MediatorDemo.debug.xcconfig */,
				CF64137D9F2D74E293AA5ED1 /* Pods-MediatorDemo.release.xcconfig */,
			);
			name = Pods;
			path = Pods;
			sourceTree = "<group>";
		};
/* End PBXGroup section */

/* Begin PBXNativeTarget section */
		4EC5E6E82978E2D000774ACD /* MediatorDemo */ = {
			isa = PBXNativeTarget;
			buildConfigurationList = 4EC5E6FD2978E2D100774ACD /* Build configuration list for PBXNativeTarget "MediatorDemo" */;
			buildPhases = (
				3BBD10DA3B3363659FAD0433 /* [CP] Check Pods Manifest.lock */,
				4EC5E6E52978E2D000774ACD /* Sources */,
				4EC5E6E62978E2D000774ACD /* Frameworks */,
				4EC5E6E72978E2D000774ACD /* Resources */,
				4ECE4CEF5FED2EFC3CDBA5EF /* [CP] Embed Pods Frameworks */,
			);
			buildRules = (
			);
			dependencies = (
			);
			name = MediatorDemo;
			productName = MediatorDemo;
			productReference = 4EC5E6E92978E2D000774ACD /* MediatorDemo.app */;
			productType = "com.apple.product-type.application";
		};
/* End PBXNativeTarget section */

/* Begin PBXProject section */
		4EC5E6E12978E2D000774ACD /* Project object */ = {
			isa = PBXProject;
			attributes = {
				BuildIndependentTargetsInParallel = 1;
				LastSwiftUpdateCheck = 1420;
				LastUpgradeCheck = 1420;
				TargetAttributes = {
					4EC5E6E82978E2D000774ACD = {
						CreatedOnToolsVersion = 14.2;
					};
				};
			};
			buildConfigurationList = 4EC5E6E42978E2D000774ACD /* Build configuration list for PBXProject "MediatorDemo" */;
			compatibilityVersion = "Xcode 14.0";
			developmentRegion = en;
			hasScannedForEncodings = 0;
			knownRegions = (
				en,
				Base,
			);
			mainGroup = 4EC5E6E02978E2D000774ACD;
			productRefGroup = 4EC5E6EA2978E2D000774ACD /* Products */;
			projectDirPath = "";
			projectRoot = "";
			targets = (
				4EC5E6E82978E2D000774ACD /* MediatorDemo */,
			);
		};
/* End PBXProject section */

/* Begin PBXResourcesBuildPhase section */
		4EC5E6E72978E2D000774ACD /* Resources */ = {
			isa = PBXResourcesBuildPhase;
			buildActionMask = 2147483647;
			files = (
				4EC5E6F92978E2D100774ACD /* LaunchScreen.storyboard in Resources */,
				4EC5E6F62978E2D100774ACD /* Assets.xcassets in Resources */,
				4EC5E6F42978E2D000774ACD /* Main.storyboard in Resources */,
			);
			runOnlyForDeploymentPostprocessing = 0;
		};
/* End PBXResourcesBuildPhase section */

/* Begin PBXShellScriptBuildPhase section */
		3BBD10DA3B3363659FAD0433 /* [CP] Check Pods Manifest.lock */ = {
			isa = PBXShellScriptBuildPhase;
			buildActionMask = 2147483647;
			files = (
			);
			inputFileListPaths = (
			);
			inputPaths = (
				"${PODS_PODFILE_DIR_PATH}/Podfile.lock",
				"${PODS_ROOT}/Manifest.lock",
			);
			name = "[CP] Check Pods Manifest.lock";
			outputFileListPaths = (
			);
			outputPaths = (
				"$(DERIVED_FILE_DIR)/Pods-MediatorDemo-checkManifestLockResult.txt",
			);
			runOnlyForDeploymentPostprocessing = 0;
			shellPath = /bin/sh;
			shellScript = "diff \"${PODS_PODFILE_DIR_PATH}/Podfile.lock\" \"${PODS_ROOT}/Manifest.lock\" > /dev/null\nif [ $? != 0 ] ; then\n    # print error to STDERR\n    echo \"error: The sandbox is not in sync with the Podfile.lock. Run 'pod install' or update your CocoaPods installation.\" >&2\n    exit 1\nfi\n# This output is used by Xcode 'outputs' to avoid re-running this script phase.\necho \"SUCCESS\" > \"${SCRIPT_OUTPUT_FILE_0}\"\n";
			showEnvVarsInLog = 0;
		};
		4ECE4CEF5FED2EFC3CDBA5EF /* [CP] Embed Pods Frameworks */ = {
			isa = PBXShellScriptBuildPhase;
			buildActionMask = 2147483647;
			files = (
			);
			inputFileListPaths = (
				"${PODS_ROOT}/Target Support Files/Pods-MediatorDemo/Pods-MediatorDemo-frameworks-${CONFIGURATION}-input-files.xcfilelist",
			);
			name = "[CP] Embed Pods Frameworks";
			outputFileListPaths = (
				"${PODS_ROOT}/Target Support Files/Pods-MediatorDemo/Pods-MediatorDemo-frameworks-${CONFIGURATION}-output-files.xcfilelist",
			);
			runOnlyForDeploymentPostprocessing = 0;
			shellPath = /bin/sh;
			shellScript = "\"${PODS_ROOT}/Target Support Files/Pods-MediatorDemo/Pods-MediatorDemo-frameworks.sh\"\n";
			showEnvVarsInLog = 0;
		};
/* End PBXShellScriptBuildPhase section */

/* Begin PBXSourcesBuildPhase section */
		4EC5E6E52978E2D000774ACD /* Sources */ = {
			isa = PBXSourcesBuildPhase;
			buildActionMask = 2147483647;
			files = (
				4EC5E6F12978E2D000774ACD /* ViewController.swift in Sources */,
				4EC5E6ED2978E2D000774ACD /* AppDelegate.swift in Sources */,
				4EC5E6EF2978E2D000774ACD /* SceneDelegate.swift in Sources */,
			);
			runOnlyForDeploymentPostprocessing = 0;
		};
/* End PBXSourcesBuildPhase section */

/* Begin PBXVariantGroup section */
		4EC5E6F22978E2D000774ACD /* Main.storyboard */ = {
			isa = PBXVariantGroup;
			children = (
				4EC5E6F32978E2D000774ACD /* Base */,
			);
			name = Main.storyboard;
			sourceTree = "<group>";
		};
		4EC5E6F72978E2D100774ACD /* LaunchScreen.storyboard */ = {
			isa = PBXVariantGroup;
			children = (
				4EC5E6F82978E2D100774ACD /* Base */,
			);
			name = LaunchScreen.storyboard;
			sourceTree = "<group>";
		};
/* End PBXVariantGroup section */

/* Begin XCBuildConfiguration section */
		4EC5E6FB2978E2D100774ACD /* Debug */ = {
			isa = XCBuildConfiguration;
			buildSettings = {
				ALWAYS_SEARCH_USER_PATHS = NO;
				CLANG_ANALYZER_NONNULL = YES;
				CLANG_ANALYZER_NUMBER_OBJECT_CONVERSION = YES_AGGRESSIVE;
				CLANG_CXX_LANGUAGE_STANDARD = "gnu++20";
				CLANG_ENABLE_MODULES = YES;
				CLANG_ENABLE_OBJC_ARC = YES;
				CLANG_ENABLE_OBJC_WEAK = YES;
				CLANG_WARN_BLOCK_CAPTURE_AUTORELEASING = YES;
				CLANG_WARN_BOOL_CONVERSION = YES;
				CLANG_WARN_COMMA = YES;
				CLANG_WARN_CONSTANT_CONVERSION = YES;
				CLANG_WARN_DEPRECATED_OBJC_IMPLEMENTATIONS = YES;
				CLANG_WARN_DIRECT_OBJC_ISA_USAGE = YES_ERROR;
				CLANG_WARN_DOCUMENTATION_COMMENTS = YES;
				CLANG_WARN_EMPTY_BODY = YES;
				CLANG_WARN_ENUM_CONVERSION = YES;
				CLANG_WARN_INFINITE_RECURSION = YES;
				CLANG_WARN_INT_CONVERSION = YES;
				CLANG_WARN_NON_LITERAL_NULL_CONVERSION = YES;
				CLANG_WARN_OBJC_IMPLICIT_RETAIN_SELF = YES;
				CLANG_WARN_OBJC_LITERAL_CONVERSION = YES;
				CLANG_WARN_OBJC_ROOT_CLASS = YES_ERROR;
				CLANG_WARN_QUOTED_INCLUDE_IN_FRAMEWORK_HEADER = YES;
				CLANG_WARN_RANGE_LOOP_ANALYSIS = YES;
				CLANG_WARN_STRICT_PROTOTYPES = YES;
				CLANG_WARN_SUSPICIOUS_MOVE = YES;
				CLANG_WARN_UNGUARDED_AVAILABILITY = YES_AGGRESSIVE;
				CLANG_WARN_UNREACHABLE_CODE = YES;
				CLANG_WARN__DUPLICATE_METHOD_MATCH = YES;
				COPY_PHASE_STRIP = NO;
				DEBUG_INFORMATION_FORMAT = dwarf;
				ENABLE_STRICT_OBJC_MSGSEND = YES;
				ENABLE_TESTABILITY = YES;
				GCC_C_LANGUAGE_STANDARD = gnu11;
				GCC_DYNAMIC_NO_PIC = NO;
				GCC_NO_COMMON_BLOCKS = YES;
				GCC_OPTIMIZATION_LEVEL = 0;
				GCC_PREPROCESSOR_DEFINITIONS = (
					"DEBUG=1",
					"$(inherited)",
				);
				GCC_WARN_64_TO_32_BIT_CONVERSION = YES;
				GCC_WARN_ABOUT_RETURN_TYPE = YES_ERROR;
				GCC_WARN_UNDECLARED_SELECTOR = YES;
				GCC_WARN_UNINITIALIZED_AUTOS = YES_AGGRESSIVE;
				GCC_WARN_UNUSED_FUNCTION = YES;
				GCC_WARN_UNUSED_VARIABLE = YES;
				IPHONEOS_DEPLOYMENT_TARGET = 16.2;
				MTL_ENABLE_DEBUG_INFO = INCLUDE_SOURCE;
				MTL_FAST_MATH = YES;
				ONLY_ACTIVE_ARCH = YES;
				SDKROOT = iphoneos;
				SWIFT_ACTIVE_COMPILATION_CONDITIONS = DEBUG;
				SWIFT_OPTIMIZATION_LEVEL = "-Onone";
			};
			name = Debug;
		};
		4EC5E6FC2978E2D100774ACD /* Release */ = {
			isa = XCBuildConfiguration;
			buildSettings = {
				ALWAYS_SEARCH_USER_PATHS = NO;
				CLANG_ANALYZER_NONNULL = YES;
				CLANG_ANALYZER_NUMBER_OBJECT_CONVERSION = YES_AGGRESSIVE;
				CLANG_CXX_LANGUAGE_STANDARD = "gnu++20";
				CLANG_ENABLE_MODULES = YES;
				CLANG_ENABLE_OBJC_ARC = YES;
				CLANG_ENABLE_OBJC_WEAK = YES;
				CLANG_WARN_BLOCK_CAPTURE_AUTORELEASING = YES;
				CLANG_WARN_BOOL_CONVERSION = YES;
				CLANG_WARN_COMMA = YES;
				CLANG_WARN_CONSTANT_CONVERSION = YES;
				CLANG_WARN_DEPRECATED_OBJC_IMPLEMENTATIONS = YES;
				CLANG_WARN_DIRECT_OBJC_ISA_USAGE = YES_ERROR;
				CLANG_WARN_DOCUMENTATION_COMMENTS = YES;
				CLANG_WARN_EMPTY_BODY = YES;
				CLANG_WARN_ENUM_CONVERSION = YES;
				CLANG_WARN_INFINITE_RECURSION = YES;
				CLANG_WARN_INT_CONVERSION = YES;
				CLANG_WARN_NON_LITERAL_NULL_CONVERSION = YES;
				CLANG_WARN_OBJC_IMPLICIT_RETAIN_SELF = YES;
				CLANG_WARN_OBJC_LITERAL_CONVERSION = YES;
				CLANG_WARN_OBJC_ROOT_CLASS = YES_ERROR;
				CLANG_WARN_QUOTED_INCLUDE_IN_FRAMEWORK_HEADER = YES;
				CLANG_WARN_RANGE_LOOP_ANALYSIS = YES;
				CLANG_WARN_STRICT_PROTOTYPES = YES;
				CLANG_WARN_SUSPICIOUS_MOVE = YES;
				CLANG_WARN_UNGUARDED_AVAILABILITY = YES_AGGRESSIVE;
				CLANG_WARN_UNREACHABLE_CODE = YES;
				CLANG_WARN__DUPLICATE_METHOD_MATCH = YES;
				COPY_PHASE_STRIP = NO;
				DEBUG_INFORMATION_FORMAT = "dwarf-with-dsym";
				ENABLE_NS_ASSERTIONS = NO;
				ENABLE_STRICT_OBJC_MSGSEND = YES;
				GCC_C_LANGUAGE_STANDARD = gnu11;
				GCC_NO_COMMON_BLOCKS = YES;
				GCC_WARN_64_TO_32_BIT_CONVERSION = YES;
				GCC_WARN_ABOUT_RETURN_TYPE = YES_ERROR;
				GCC_WARN_UNDECLARED_SELECTOR = YES;
				GCC_WARN_UNINITIALIZED_AUTOS = YES_AGGRESSIVE;
				GCC_WARN_UNUSED_FUNCTION = YES;
				GCC_WARN_UNUSED_VARIABLE = YES;
				IPHONEOS_DEPLOYMENT_TARGET = 16.2;
				MTL_ENABLE_DEBUG_INFO = NO;
				MTL_FAST_MATH = YES;
				SDKROOT = iphoneos;
				SWIFT_COMPILATION_MODE = wholemodule;
				SWIFT_OPTIMIZATION_LEVEL = "-O";
				VALIDATE_PRODUCT = YES;
			};
			name = Release;
		};
		4EC5E6FE2978E2D100774ACD /* Debug */ = {
			isa = XCBuildConfiguration;
			baseConfigurationReference = F34680CF606D0F242427988C /* Pods-MediatorDemo.debug.xcconfig */;
			buildSettings = {
				ASSETCATALOG_COMPILER_APPICON_NAME = AppIcon;
				ASSETCATALOG_COMPILER_GLOBAL_ACCENT_COLOR_NAME = AccentColor;
				CODE_SIGN_STYLE = Automatic;
				CURRENT_PROJECT_VERSION = 1;
				GENERATE_INFOPLIST_FILE = YES;
				INFOPLIST_FILE = MediatorDemo/Info.plist;
				INFOPLIST_KEY_UIApplicationSupportsIndirectInputEvents = YES;
				INFOPLIST_KEY_UILaunchStoryboardName = LaunchScreen;
				INFOPLIST_KEY_UIMainStoryboardFile = Main;
				INFOPLIST_KEY_UISupportedInterfaceOrientations_iPad = "UIInterfaceOrientationPortrait UIInterfaceOrientationPortraitUpsideDown UIInterfaceOrientationLandscapeLeft UIInterfaceOrientationLandscapeRight";
				INFOPLIST_KEY_UISupportedInterfaceOrientations_iPhone = "UIInterfaceOrientationPortrait UIInterfaceOrientationLandscapeLeft UIInterfaceOrientationLandscapeRight";
				LD_RUNPATH_SEARCH_PATHS = (
					"$(inherited)",
					"@executable_path/Frameworks",
				);
				MARKETING_VERSION = 1.0;
				PRODUCT_BUNDLE_IDENTIFIER = com.squareup.MediatorDemo;
				PRODUCT_NAME = "$(TARGET_NAME)";
				SWIFT_EMIT_LOC_STRINGS = YES;
				SWIFT_VERSION = 5.0;
				TARGETED_DEVICE_FAMILY = "1,2";
			};
			name = Debug;
		};
		4EC5E6FF2978E2D100774ACD /* Release */ = {
			isa = XCBuildConfiguration;
			baseConfigurationReference = CF64137D9F2D74E293AA5ED1 /* Pods-MediatorDemo.release.xcconfig */;
			buildSettings = {
				ASSETCATALOG_COMPILER_APPICON_NAME = AppIcon;
				ASSETCATALOG_COMPILER_GLOBAL_ACCENT_COLOR_NAME = AccentColor;
				CODE_SIGN_STYLE = Automatic;
				CURRENT_PROJECT_VERSION = 1;
				GENERATE_INFOPLIST_FILE = YES;
				INFOPLIST_FILE = MediatorDemo/Info.plist;
				INFOPLIST_KEY_UIApplicationSupportsIndirectInputEvents = YES;
				INFOPLIST_KEY_UILaunchStoryboardName = LaunchScreen;
				INFOPLIST_KEY_UIMainStoryboardFile = Main;
				INFOPLIST_KEY_UISupportedInterfaceOrientations_iPad = "UIInterfaceOrientationPortrait UIInterfaceOrientationPortraitUpsideDown UIInterfaceOrientationLandscapeLeft UIInterfaceOrientationLandscapeRight";
				INFOPLIST_KEY_UISupportedInterfaceOrientations_iPhone = "UIInterfaceOrientationPortrait UIInterfaceOrientationLandscapeLeft UIInterfaceOrientationLandscapeRight";
				LD_RUNPATH_SEARCH_PATHS = (
					"$(inherited)",
					"@executable_path/Frameworks",
				);
				MARKETING_VERSION = 1.0;
				PRODUCT_BUNDLE_IDENTIFIER = com.squareup.MediatorDemo;
				PRODUCT_NAME = "$(TARGET_NAME)";
				SWIFT_EMIT_LOC_STRINGS = YES;
				SWIFT_VERSION = 5.0;
				TARGETED_DEVICE_FAMILY = "1,2";
			};
			name = Release;
		};
/* End XCBuildConfiguration section */

/* Begin XCConfigurationList section */
		4EC5E6E42978E2D000774ACD /* Build configuration list for PBXProject "MediatorDemo" */ = {
			isa = XCConfigurationList;
			buildConfigurations = (
				4EC5E6FB2978E2D100774ACD /* Debug */,
				4EC5E6FC2978E2D100774ACD /* Release */,
			);
			defaultConfigurationIsVisible = 0;
			defaultConfigurationName = Release;
		};
		4EC5E6FD2978E2D100774ACD /* Build configuration list for PBXNativeTarget "MediatorDemo" */ = {
			isa = XCConfigurationList;
			buildConfigurations = (
				4EC5E6FE2978E2D100774ACD /* Debug */,
				4EC5E6FF2978E2D100774ACD /* Release */,
			);
			defaultConfigurationIsVisible = 0;
			defaultConfigurationName = Release;
		};
/* End XCConfigurationList section */
	};
	rootObject = 4EC5E6E12978E2D000774ACD /* Project object */;
}
